// !$*UTF8*$!
{
	archiveVersion = 1;
	classes = {
	};
	objectVersion = 50;
	objects = {

/* Begin PBXBuildFile section */
		DD8FCA5022783154000AEEB9 /* CustomTableCell.swift in Sources */ = {isa = PBXBuildFile; fileRef = DD8FCA4F22783154000AEEB9 /* CustomTableCell.swift */; };
		DD8FCA522278541B000AEEB9 /* CustomCollectionCell.swift in Sources */ = {isa = PBXBuildFile; fileRef = DD8FCA512278541B000AEEB9 /* CustomCollectionCell.swift */; };
		DDF2B96B226DD3310011A966 /* AppDelegate.swift in Sources */ = {isa = PBXBuildFile; fileRef = DDF2B96A226DD3310011A966 /* AppDelegate.swift */; };
		DDF2B96D226DD3310011A966 /* FirstViewController.swift in Sources */ = {isa = PBXBuildFile; fileRef = DDF2B96C226DD3310011A966 /* FirstViewController.swift */; };
		DDF2B972226DD3320011A966 /* Assets.xcassets in Resources */ = {isa = PBXBuildFile; fileRef = DDF2B971226DD3320011A966 /* Assets.xcassets */; };
		DDF2B975226DD3320011A966 /* LaunchScreen.storyboard in Resources */ = {isa = PBXBuildFile; fileRef = DDF2B973226DD3320011A966 /* LaunchScreen.storyboard */; };
		DDF2B97E226DD3C50011A966 /* FirstViewController.xib in Resources */ = {isa = PBXBuildFile; fileRef = DDF2B97D226DD3C50011A966 /* FirstViewController.xib */; };
		DDF2B980226DD55D0011A966 /* SecondViewController.xib in Resources */ = {isa = PBXBuildFile; fileRef = DDF2B97F226DD55D0011A966 /* SecondViewController.xib */; };
		DDF2B982226DD5790011A966 /* SecondViewController.swift in Sources */ = {isa = PBXBuildFile; fileRef = DDF2B981226DD5790011A966 /* SecondViewController.swift */; };
		DDF2B986226DD7850011A966 /* AppCoordinator.swift in Sources */ = {isa = PBXBuildFile; fileRef = DDF2B985226DD7850011A966 /* AppCoordinator.swift */; };
		DDF2B98E226DF9610011A966 /* FourthViewController.swift in Sources */ = {isa = PBXBuildFile; fileRef = DDF2B98D226DF9610011A966 /* FourthViewController.swift */; };
		DDF2B990226DF9990011A966 /* FourthViewController.xib in Resources */ = {isa = PBXBuildFile; fileRef = DDF2B98F226DF9990011A966 /* FourthViewController.xib */; };
		DDF2B992226DF9E80011A966 /* ThirdViewController.swift in Sources */ = {isa = PBXBuildFile; fileRef = DDF2B991226DF9E80011A966 /* ThirdViewController.swift */; };
		DDF2B994226DFA090011A966 /* ThirdViewController.xib in Resources */ = {isa = PBXBuildFile; fileRef = DDF2B993226DFA090011A966 /* ThirdViewController.xib */; };
		DDF2B996226DFB820011A966 /* FifthViewController.swift in Sources */ = {isa = PBXBuildFile; fileRef = DDF2B995226DFB820011A966 /* FifthViewController.swift */; };
		DDF2B998226DFB990011A966 /* FifthViewController.xib in Resources */ = {isa = PBXBuildFile; fileRef = DDF2B997226DFB990011A966 /* FifthViewController.xib */; };
/* End PBXBuildFile section */

/* Begin PBXFileReference section */
		DD8FCA4F22783154000AEEB9 /* CustomTableCell.swift */ = {isa = PBXFileReference; lastKnownFileType = sourcecode.swift; path = CustomTableCell.swift; sourceTree = "<group>"; };
		DD8FCA512278541B000AEEB9 /* CustomCollectionCell.swift */ = {isa = PBXFileReference; lastKnownFileType = sourcecode.swift; path = CustomCollectionCell.swift; sourceTree = "<group>"; };
		DDF2B967226DD3310011A966 /* ChangeVC.app */ = {isa = PBXFileReference; explicitFileType = wrapper.application; includeInIndex = 0; path = ChangeVC.app; sourceTree = BUILT_PRODUCTS_DIR; };
		DDF2B96A226DD3310011A966 /* AppDelegate.swift */ = {isa = PBXFileReference; lastKnownFileType = sourcecode.swift; path = AppDelegate.swift; sourceTree = "<group>"; };
		DDF2B96C226DD3310011A966 /* FirstViewController.swift */ = {isa = PBXFileReference; lastKnownFileType = sourcecode.swift; path = FirstViewController.swift; sourceTree = "<group>"; };
		DDF2B971226DD3320011A966 /* Assets.xcassets */ = {isa = PBXFileReference; lastKnownFileType = folder.assetcatalog; path = Assets.xcassets; sourceTree = "<group>"; };
		DDF2B974226DD3320011A966 /* Base */ = {isa = PBXFileReference; lastKnownFileType = file.storyboard; name = Base; path = Base.lproj/LaunchScreen.storyboard; sourceTree = "<group>"; };
		DDF2B976226DD3320011A966 /* Info.plist */ = {isa = PBXFileReference; lastKnownFileType = text.plist.xml; path = Info.plist; sourceTree = "<group>"; };
		DDF2B97D226DD3C50011A966 /* FirstViewController.xib */ = {isa = PBXFileReference; lastKnownFileType = file.xib; path = FirstViewController.xib; sourceTree = "<group>"; };
		DDF2B97F226DD55D0011A966 /* SecondViewController.xib */ = {isa = PBXFileReference; lastKnownFileType = file.xib; path = SecondViewController.xib; sourceTree = "<group>"; };
		DDF2B981226DD5790011A966 /* SecondViewController.swift */ = {isa = PBXFileReference; lastKnownFileType = sourcecode.swift; path = SecondViewController.swift; sourceTree = "<group>"; };
		DDF2B985226DD7850011A966 /* AppCoordinator.swift */ = {isa = PBXFileReference; lastKnownFileType = sourcecode.swift; path = AppCoordinator.swift; sourceTree = "<group>"; };
		DDF2B98D226DF9610011A966 /* FourthViewController.swift */ = {isa = PBXFileReference; lastKnownFileType = sourcecode.swift; path = FourthViewController.swift; sourceTree = "<group>"; };
		DDF2B98F226DF9990011A966 /* FourthViewController.xib */ = {isa = PBXFileReference; lastKnownFileType = file.xib; path = FourthViewController.xib; sourceTree = "<group>"; };
		DDF2B991226DF9E80011A966 /* ThirdViewController.swift */ = {isa = PBXFileReference; lastKnownFileType = sourcecode.swift; path = ThirdViewController.swift; sourceTree = "<group>"; };
		DDF2B993226DFA090011A966 /* ThirdViewController.xib */ = {isa = PBXFileReference; lastKnownFileType = file.xib; path = ThirdViewController.xib; sourceTree = "<group>"; };
		DDF2B995226DFB820011A966 /* FifthViewController.swift */ = {isa = PBXFileReference; lastKnownFileType = sourcecode.swift; path = FifthViewController.swift; sourceTree = "<group>"; };
		DDF2B997226DFB990011A966 /* FifthViewController.xib */ = {isa = PBXFileReference; lastKnownFileType = file.xib; path = FifthViewController.xib; sourceTree = "<group>"; };
/* End PBXFileReference section */

/* Begin PBXFrameworksBuildPhase section */
		DDF2B964226DD3310011A966 /* Frameworks */ = {
			isa = PBXFrameworksBuildPhase;
			buildActionMask = 2147483647;
			files = (
			);
			runOnlyForDeploymentPostprocessing = 0;
		};
/* End PBXFrameworksBuildPhase section */

/* Begin PBXGroup section */
		DD5385642281717300FCF90D /* View */ = {
			isa = PBXGroup;
			children = (
				DD8FCA4F22783154000AEEB9 /* CustomTableCell.swift */,
				DD8FCA512278541B000AEEB9 /* CustomCollectionCell.swift */,
			);
			path = View;
			sourceTree = "<group>";
		};
		DDF2B95E226DD3310011A966 = {
			isa = PBXGroup;
			children = (
				DDF2B969226DD3310011A966 /* ChangeVC */,
				DDF2B968226DD3310011A966 /* Products */,
			);
			sourceTree = "<group>";
		};
		DDF2B968226DD3310011A966 /* Products */ = {
			isa = PBXGroup;
			children = (
				DDF2B967226DD3310011A966 /* ChangeVC.app */,
			);
			name = Products;
			sourceTree = "<group>";
		};
		DDF2B969226DD3310011A966 /* ChangeVC */ = {
			isa = PBXGroup;
			children = (
				DDF2B98A226DF5E40011A966 /* ViewController */,
				DDF2B989226DF5CF0011A966 /* XIBs */,
				DD5385642281717300FCF90D /* View */,
				DDF2B97C226DD3560011A966 /* Supporting Files */,
				DDF2B985226DD7850011A966 /* AppCoordinator.swift */,
			);
			path = ChangeVC;
			sourceTree = "<group>";
		};
		DDF2B97C226DD3560011A966 /* Supporting Files */ = {
			isa = PBXGroup;
			children = (
				DDF2B96A226DD3310011A966 /* AppDelegate.swift */,
				DDF2B973226DD3320011A966 /* LaunchScreen.storyboard */,
				DDF2B971226DD3320011A966 /* Assets.xcassets */,
				DDF2B976226DD3320011A966 /* Info.plist */,
			);
			path = "Supporting Files";
			sourceTree = "<group>";
		};
		DDF2B989226DF5CF0011A966 /* XIBs */ = {
			isa = PBXGroup;
			children = (
				DDF2B97D226DD3C50011A966 /* FirstViewController.xib */,
				DDF2B97F226DD55D0011A966 /* SecondViewController.xib */,
				DDF2B993226DFA090011A966 /* ThirdViewController.xib */,
				DDF2B98F226DF9990011A966 /* FourthViewController.xib */,
				DDF2B997226DFB990011A966 /* FifthViewController.xib */,
			);
			path = XIBs;
			sourceTree = "<group>";
		};
		DDF2B98A226DF5E40011A966 /* ViewController */ = {
			isa = PBXGroup;
			children = (
				DDF2B96C226DD3310011A966 /* FirstViewController.swift */,
				DDF2B981226DD5790011A966 /* SecondViewController.swift */,
				DDF2B991226DF9E80011A966 /* ThirdViewController.swift */,
				DDF2B98D226DF9610011A966 /* FourthViewController.swift */,
				DDF2B995226DFB820011A966 /* FifthViewController.swift */,
			);
			path = ViewController;
			sourceTree = "<group>";
		};
/* End PBXGroup section */

/* Begin PBXNativeTarget section */
		DDF2B966226DD3310011A966 /* ChangeVC */ = {
			isa = PBXNativeTarget;
			buildConfigurationList = DDF2B979226DD3320011A966 /* Build configuration list for PBXNativeTarget "ChangeVC" */;
			buildPhases = (
				DDF2B963226DD3310011A966 /* Sources */,
				DDF2B964226DD3310011A966 /* Frameworks */,
				DDF2B965226DD3310011A966 /* Resources */,
			);
			buildRules = (
			);
			dependencies = (
			);
			name = ChangeVC;
			productName = ChangeVC;
			productReference = DDF2B967226DD3310011A966 /* ChangeVC.app */;
			productType = "com.apple.product-type.application";
		};
/* End PBXNativeTarget section */

/* Begin PBXProject section */
		DDF2B95F226DD3310011A966 /* Project object */ = {
			isa = PBXProject;
			attributes = {
				LastSwiftUpdateCheck = 1020;
				LastUpgradeCheck = 1020;
				ORGANIZATIONNAME = "Shauqet Cungu";
				TargetAttributes = {
					DDF2B966226DD3310011A966 = {
						CreatedOnToolsVersion = 10.2.1;
					};
				};
			};
			buildConfigurationList = DDF2B962226DD3310011A966 /* Build configuration list for PBXProject "ChangeVC" */;
			compatibilityVersion = "Xcode 9.3";
			developmentRegion = en;
			hasScannedForEncodings = 0;
			knownRegions = (
				en,
				Base,
			);
			mainGroup = DDF2B95E226DD3310011A966;
			productRefGroup = DDF2B968226DD3310011A966 /* Products */;
			projectDirPath = "";
			projectRoot = "";
			targets = (
				DDF2B966226DD3310011A966 /* ChangeVC */,
			);
		};
/* End PBXProject section */

/* Begin PBXResourcesBuildPhase section */
		DDF2B965226DD3310011A966 /* Resources */ = {
			isa = PBXResourcesBuildPhase;
			buildActionMask = 2147483647;
			files = (
				DDF2B994226DFA090011A966 /* ThirdViewController.xib in Resources */,
				DDF2B975226DD3320011A966 /* LaunchScreen.storyboard in Resources */,
				DDF2B972226DD3320011A966 /* Assets.xcassets in Resources */,
				DDF2B990226DF9990011A966 /* FourthViewController.xib in Resources */,
				DDF2B97E226DD3C50011A966 /* FirstViewController.xib in Resources */,
				DDF2B998226DFB990011A966 /* FifthViewController.xib in Resources */,
				DDF2B980226DD55D0011A966 /* SecondViewController.xib in Resources */,
			);
			runOnlyForDeploymentPostprocessing = 0;
		};
/* End PBXResourcesBuildPhase section */

/* Begin PBXSourcesBuildPhase section */
		DDF2B963226DD3310011A966 /* Sources */ = {
			isa = PBXSourcesBuildPhase;
			buildActionMask = 2147483647;
			files = (
				DD8FCA5022783154000AEEB9 /* CustomTableCell.swift in Sources */,
				DDF2B986226DD7850011A966 /* AppCoordinator.swift in Sources */,
				DDF2B982226DD5790011A966 /* SecondViewController.swift in Sources */,
				DDF2B96D226DD3310011A966 /* FirstViewController.swift in Sources */,
				DDF2B96B226DD3310011A966 /* AppDelegate.swift in Sources */,
				DDF2B992226DF9E80011A966 /* ThirdViewController.swift in Sources */,
				DDF2B98E226DF9610011A966 /* FourthViewController.swift in Sources */,
				DDF2B996226DFB820011A966 /* FifthViewController.swift in Sources */,
				DD8FCA522278541B000AEEB9 /* CustomCollectionCell.swift in Sources */,
			);
			runOnlyForDeploymentPostprocessing = 0;
		};
/* End PBXSourcesBuildPhase section */

/* Begin PBXVariantGroup section */
		DDF2B973226DD3320011A966 /* LaunchScreen.storyboard */ = {
			isa = PBXVariantGroup;
			children = (
				DDF2B974226DD3320011A966 /* Base */,
			);
			name = LaunchScreen.storyboard;
			sourceTree = "<group>";
		};
/* End PBXVariantGroup section */

/* Begin XCBuildConfiguration section */
		DDF2B977226DD3320011A966 /* Debug */ = {
			isa = XCBuildConfiguration;
			buildSettings = {
				ALWAYS_SEARCH_USER_PATHS = NO;
				CLANG_ANALYZER_NONNULL = YES;
				CLANG_ANALYZER_NUMBER_OBJECT_CONVERSION = YES_AGGRESSIVE;
				CLANG_CXX_LANGUAGE_STANDARD = "gnu++14";
				CLANG_CXX_LIBRARY = "libc++";
				CLANG_ENABLE_MODULES = YES;
				CLANG_ENABLE_OBJC_ARC = YES;
				CLANG_ENABLE_OBJC_WEAK = YES;
				CLANG_WARN_BLOCK_CAPTURE_AUTORELEASING = YES;
				CLANG_WARN_BOOL_CONVERSION = YES;
				CLANG_WARN_COMMA = YES;
				CLANG_WARN_CONSTANT_CONVERSION = YES;
				CLANG_WARN_DEPRECATED_OBJC_IMPLEMENTATIONS = YES;
				CLANG_WARN_DIRECT_OBJC_ISA_USAGE = YES_ERROR;
				CLANG_WARN_DOCUMENTATION_COMMENTS = YES;
				CLANG_WARN_EMPTY_BODY = YES;
				CLANG_WARN_ENUM_CONVERSION = YES;
				CLANG_WARN_INFINITE_RECURSION = YES;
				CLANG_WARN_INT_CONVERSION = YES;
				CLANG_WARN_NON_LITERAL_NULL_CONVERSION = YES;
				CLANG_WARN_OBJC_IMPLICIT_RETAIN_SELF = YES;
				CLANG_WARN_OBJC_LITERAL_CONVERSION = YES;
				CLANG_WARN_OBJC_ROOT_CLASS = YES_ERROR;
				CLANG_WARN_RANGE_LOOP_ANALYSIS = YES;
				CLANG_WARN_STRICT_PROTOTYPES = YES;
				CLANG_WARN_SUSPICIOUS_MOVE = YES;
				CLANG_WARN_UNGUARDED_AVAILABILITY = YES_AGGRESSIVE;
				CLANG_WARN_UNREACHABLE_CODE = YES;
				CLANG_WARN__DUPLICATE_METHOD_MATCH = YES;
				CODE_SIGN_IDENTITY = "iPhone Developer";
				COPY_PHASE_STRIP = NO;
				DEBUG_INFORMATION_FORMAT = dwarf;
				ENABLE_STRICT_OBJC_MSGSEND = YES;
				ENABLE_TESTABILITY = YES;
				GCC_C_LANGUAGE_STANDARD = gnu11;
				GCC_DYNAMIC_NO_PIC = NO;
				GCC_NO_COMMON_BLOCKS = YES;
				GCC_OPTIMIZATION_LEVEL = 0;
				GCC_PREPROCESSOR_DEFINITIONS = (
					"DEBUG=1",
					"$(inherited)",
				);
				GCC_WARN_64_TO_32_BIT_CONVERSION = YES;
				GCC_WARN_ABOUT_RETURN_TYPE = YES_ERROR;
				GCC_WARN_UNDECLARED_SELECTOR = YES;
				GCC_WARN_UNINITIALIZED_AUTOS = YES_AGGRESSIVE;
				GCC_WARN_UNUSED_FUNCTION = YES;
				GCC_WARN_UNUSED_VARIABLE = YES;
				IPHONEOS_DEPLOYMENT_TARGET = 12.2;
				MTL_ENABLE_DEBUG_INFO = INCLUDE_SOURCE;
				MTL_FAST_MATH = YES;
				ONLY_ACTIVE_ARCH = YES;
				SDKROOT = iphoneos;
				SWIFT_ACTIVE_COMPILATION_CONDITIONS = DEBUG;
				SWIFT_OPTIMIZATION_LEVEL = "-Onone";
			};
			name = Debug;
		};
		DDF2B978226DD3320011A966 /* Release */ = {
			isa = XCBuildConfiguration;
			buildSettings = {
				ALWAYS_SEARCH_USER_PATHS = NO;
				CLANG_ANALYZER_NONNULL = YES;
				CLANG_ANALYZER_NUMBER_OBJECT_CONVERSION = YES_AGGRESSIVE;
				CLANG_CXX_LANGUAGE_STANDARD = "gnu++14";
				CLANG_CXX_LIBRARY = "libc++";
				CLANG_ENABLE_MODULES = YES;
				CLANG_ENABLE_OBJC_ARC = YES;
				CLANG_ENABLE_OBJC_WEAK = YES;
				CLANG_WARN_BLOCK_CAPTURE_AUTORELEASING = YES;
				CLANG_WARN_BOOL_CONVERSION = YES;
				CLANG_WARN_COMMA = YES;
				CLANG_WARN_CONSTANT_CONVERSION = YES;
				CLANG_WARN_DEPRECATED_OBJC_IMPLEMENTATIONS = YES;
				CLANG_WARN_DIRECT_OBJC_ISA_USAGE = YES_ERROR;
				CLANG_WARN_DOCUMENTATION_COMMENTS = YES;
				CLANG_WARN_EMPTY_BODY = YES;
				CLANG_WARN_ENUM_CONVERSION = YES;
				CLANG_WARN_INFINITE_RECURSION = YES;
				CLANG_WARN_INT_CONVERSION = YES;
				CLANG_WARN_NON_LITERAL_NULL_CONVERSION = YES;
				CLANG_WARN_OBJC_IMPLICIT_RETAIN_SELF = YES;
				CLANG_WARN_OBJC_LITERAL_CONVERSION = YES;
				CLANG_WARN_OBJC_ROOT_CLASS = YES_ERROR;
				CLANG_WARN_RANGE_LOOP_ANALYSIS = YES;
				CLANG_WARN_STRICT_PROTOTYPES = YES;
				CLANG_WARN_SUSPICIOUS_MOVE = YES;
				CLANG_WARN_UNGUARDED_AVAILABILITY = YES_AGGRESSIVE;
				CLANG_WARN_UNREACHABLE_CODE = YES;
				CLANG_WARN__DUPLICATE_METHOD_MATCH = YES;
				CODE_SIGN_IDENTITY = "iPhone Developer";
				COPY_PHASE_STRIP = NO;
				DEBUG_INFORMATION_FORMAT = "dwarf-with-dsym";
				ENABLE_NS_ASSERTIONS = NO;
				ENABLE_STRICT_OBJC_MSGSEND = YES;
				GCC_C_LANGUAGE_STANDARD = gnu11;
				GCC_NO_COMMON_BLOCKS = YES;
				GCC_WARN_64_TO_32_BIT_CONVERSION = YES;
				GCC_WARN_ABOUT_RETURN_TYPE = YES_ERROR;
				GCC_WARN_UNDECLARED_SELECTOR = YES;
				GCC_WARN_UNINITIALIZED_AUTOS = YES_AGGRESSIVE;
				GCC_WARN_UNUSED_FUNCTION = YES;
				GCC_WARN_UNUSED_VARIABLE = YES;
				IPHONEOS_DEPLOYMENT_TARGET = 12.2;
				MTL_ENABLE_DEBUG_INFO = NO;
				MTL_FAST_MATH = YES;
				SDKROOT = iphoneos;
				SWIFT_COMPILATION_MODE = wholemodule;
				SWIFT_OPTIMIZATION_LEVEL = "-O";
				VALIDATE_PRODUCT = YES;
			};
			name = Release;
		};
		DDF2B97A226DD3320011A966 /* Debug */ = {
			isa = XCBuildConfiguration;
			buildSettings = {
				ASSETCATALOG_COMPILER_APPICON_NAME = AppIcon;
				CODE_SIGN_STYLE = Automatic;
				DEVELOPMENT_TEAM = UA37KW883D;
				INFOPLIST_FILE = "ChangeVC/Supporting files/Info.plist";
				LD_RUNPATH_SEARCH_PATHS = (
					"$(inherited)",
					"@executable_path/Frameworks",
				);
				PRODUCT_BUNDLE_IDENTIFIER = com.ceto.ChangeVC;
				PRODUCT_NAME = "$(TARGET_NAME)";
				SWIFT_VERSION = 5.0;
				TARGETED_DEVICE_FAMILY = "1,2";
			};
			name = Debug;
		};
		DDF2B97B226DD3320011A966 /* Release */ = {
			isa = XCBuildConfiguration;
			buildSettings = {
				ASSETCATALOG_COMPILER_APPICON_NAME = AppIcon;
				CODE_SIGN_STYLE = Automatic;
				DEVELOPMENT_TEAM = UA37KW883D;
				INFOPLIST_FILE = "ChangeVC/Supporting files/Info.plist";
				LD_RUNPATH_SEARCH_PATHS = (
					"$(inherited)",
					"@executable_path/Frameworks",
				);
				PRODUCT_BUNDLE_IDENTIFIER = com.ceto.ChangeVC;
				PRODUCT_NAME = "$(TARGET_NAME)";
				SWIFT_VERSION = 5.0;
				TARGETED_DEVICE_FAMILY = "1,2";
			};
			name = Release;
		};
/* End XCBuildConfiguration section */

/* Begin XCConfigurationList section */
		DDF2B962226DD3310011A966 /* Build configuration list for PBXProject "ChangeVC" */ = {
			isa = XCConfigurationList;
			buildConfigurations = (
				DDF2B977226DD3320011A966 /* Debug */,
				DDF2B978226DD3320011A966 /* Release */,
			);
			defaultConfigurationIsVisible = 0;
			defaultConfigurationName = Release;
		};
		DDF2B979226DD3320011A966 /* Build configuration list for PBXNativeTarget "ChangeVC" */ = {
			isa = XCConfigurationList;
			buildConfigurations = (
				DDF2B97A226DD3320011A966 /* Debug */,
				DDF2B97B226DD3320011A966 /* Release */,
			);
			defaultConfigurationIsVisible = 0;
			defaultConfigurationName = Release;
		};
/* End XCConfigurationList section */
	};
	rootObject = DDF2B95F226DD3310011A966 /* Project object */;
}
